
Microsoft Visual Studio Solution File, Format Version 12.00
# Visual Studio 15
VisualStudioVersion = 15.0.28307.1022
MinimumVisualStudioVersion = 10.0.40219.1
Project("{8BC9CEB8-8B4A-11D0-8D11-00A0C91BC942}") = "ogl", "ogldev\ogl.vcxproj", "{6686213E-EFC1-4B84-A1C4-EE98836EA208}"
EndProject
Global
	GlobalSection(SolutionConfigurationPlatforms) = preSolution
		Debug|x64 = Debug|x64
		Debug|x86 = Debug|x86
		Release|x64 = Release|x64
		Release|x86 = Release|x86
	EndGlobalSection
	GlobalSection(ProjectConfigurationPlatforms) = postSolution
		{6686213E-EFC1-4B84-A1C4-EE98836EA208}.Debug|x64.ActiveCfg = Debug|x64
		{6686213E-EFC1-4B84-A1C4-EE98836EA208}.Debug|x64.Build.0 = Debug|x64
		{6686213E-EFC1-4B84-A1C4-EE98836EA208}.Debug|x86.ActiveCfg = Debug|Win32
		{6686213E-EFC1-4B84-A1C4-EE98836EA208}.Debug|x86.Build.0 = Debug|Win32
		{6686213E-EFC1-4B84-A1C4-EE98836EA208}.Release|x64.ActiveCfg = Release|x64
		{6686213E-EFC1-4B84-A1C4-EE98836EA208}.Release|x64.Build.0 = Release|x64
		{6686213E-EFC1-4B84-A1C4-EE98836EA208}.Release|x86.ActiveCfg = Release|Win32
		{6686213E-EFC1-4B84-A1C4-EE98836EA208}.Release|x86.Build.0 = Release|Win32
	EndGlobalSection
	GlobalSection(SolutionProperties) = preSolution
		HideSolutionNode = FALSE
	EndGlobalSection
	GlobalSection(ExtensibilityGlobals) = postSolution
		SolutionGuid = {5F2D566E-FF09-46C1-BA1C-CF331C113EA9}
	EndGlobalSection
EndGlobal
